
Microsoft Visual Studio Solution File, Format Version 12.00
# Visual Studio 15
VisualStudioVersion = 15.0.28307.1321
MinimumVisualStudioVersion = 10.0.40219.1
Project("{FAE04EC0-301F-11D3-BF4B-00C04F79EFBC}") = "WCFChatService", "WCFChatService\WCFChatService.csproj", "{636E7830-87AA-4073-9AD7-771815FD7734}"
EndProject
Project("{FAE04EC0-301F-11D3-BF4B-00C04F79EFBC}") = "WCFChatServiceHost", "WCFChatServiceHost\WCFChatServiceHost.csproj", "{1BC580C2-2FC3-4D97-83D3-4FEA8CB3BAA1}"
EndProject
Global
	GlobalSection(SolutionConfigurationPlatforms) = preSolution
		Debug|Any CPU = Debug|Any CPU
		Release|Any CPU = Release|Any CPU
	EndGlobalSection
	GlobalSection(ProjectConfigurationPlatforms) = postSolution
		{636E7830-87AA-4073-9AD7-771815FD7734}.Debug|Any CPU.ActiveCfg = Debug|Any CPU
		{636E7830-87AA-4073-9AD7-771815FD7734}.Debug|Any CPU.Build.0 = Debug|Any CPU
		{636E7830-87AA-4073-9AD7-771815FD7734}.Release|Any CPU.ActiveCfg = Release|Any CPU
		{636E7830-87AA-4073-9AD7-771815FD7734}.Release|Any CPU.Build.0 = Release|Any CPU
		{1BC580C2-2FC3-4D97-83D3-4FEA8CB3BAA1}.Debug|Any CPU.ActiveCfg = Debug|Any CPU
		{1BC580C2-2FC3-4D97-83D3-4FEA8CB3BAA1}.Debug|Any CPU.Build.0 = Debug|Any CPU
		{1BC580C2-2FC3-4D97-83D3-4FEA8CB3BAA1}.Release|Any CPU.ActiveCfg = Release|Any CPU
		{1BC580C2-2FC3-4D97-83D3-4FEA8CB3BAA1}.Release|Any CPU.Build.0 = Release|Any CPU
	EndGlobalSection
	GlobalSection(SolutionProperties) = preSolution
		HideSolutionNode = FALSE
	EndGlobalSection
	GlobalSection(ExtensibilityGlobals) = postSolution
		SolutionGuid = {2EA13145-878E-4A68-A5F6-CFB9E3A3D5FB}
	EndGlobalSection
EndGlobal
